// !$*UTF8*$!
{
	archiveVersion = 1;
	classes = {
	};
	objectVersion = 50;
	objects = {

/* Begin PBXBuildFile section */
		F6DEFB882408C3EB0075162F /* AppDelegate.swift in Sources */ = {isa = PBXBuildFile; fileRef = F6DEFB872408C3EB0075162F /* AppDelegate.swift */; };
		F6DEFB8A2408C3EB0075162F /* ViewController.swift in Sources */ = {isa = PBXBuildFile; fileRef = F6DEFB892408C3EB0075162F /* ViewController.swift */; };
		F6DEFB8D2408C3EB0075162F /* Main.storyboard in Resources */ = {isa = PBXBuildFile; fileRef = F6DEFB8B2408C3EB0075162F /* Main.storyboard */; };
		F6DEFB8F2408C3ED0075162F /* Assets.xcassets in Resources */ = {isa = PBXBuildFile; fileRef = F6DEFB8E2408C3ED0075162F /* Assets.xcassets */; };
		F6DEFB922408C3ED0075162F /* LaunchScreen.storyboard in Resources */ = {isa = PBXBuildFile; fileRef = F6DEFB902408C3ED0075162F /* LaunchScreen.storyboard */; };
		F6DEFB9D2408C3ED0075162F /* ParstagramTests.swift in Sources */ = {isa = PBXBuildFile; fileRef = F6DEFB9C2408C3ED0075162F /* ParstagramTests.swift */; };
		F6DEFBA82408C3ED0075162F /* ParstagramUITests.swift in Sources */ = {isa = PBXBuildFile; fileRef = F6DEFBA72408C3ED0075162F /* ParstagramUITests.swift */; };
/* End PBXBuildFile section */

/* Begin PBXContainerItemProxy section */
		F6DEFB992408C3ED0075162F /* PBXContainerItemProxy */ = {
			isa = PBXContainerItemProxy;
			containerPortal = F6DEFB7C2408C3EB0075162F /* Project object */;
			proxyType = 1;
			remoteGlobalIDString = F6DEFB832408C3EB0075162F;
			remoteInfo = Parstagram;
		};
		F6DEFBA42408C3ED0075162F /* PBXContainerItemProxy */ = {
			isa = PBXContainerItemProxy;
			containerPortal = F6DEFB7C2408C3EB0075162F /* Project object */;
			proxyType = 1;
			remoteGlobalIDString = F6DEFB832408C3EB0075162F;
			remoteInfo = Parstagram;
		};
/* End PBXContainerItemProxy section */

/* Begin PBXFileReference section */
		F6DEFB842408C3EB0075162F /* Parstagram.app */ = {isa = PBXFileReference; explicitFileType = wrapper.application; includeInIndex = 0; path = Parstagram.app; sourceTree = BUILT_PRODUCTS_DIR; };
		F6DEFB872408C3EB0075162F /* AppDelegate.swift */ = {isa = PBXFileReference; lastKnownFileType = sourcecode.swift; path = AppDelegate.swift; sourceTree = "<group>"; };
		F6DEFB892408C3EB0075162F /* ViewController.swift */ = {isa = PBXFileReference; lastKnownFileType = sourcecode.swift; path = ViewController.swift; sourceTree = "<group>"; };
		F6DEFB8C2408C3EB0075162F /* Base */ = {isa = PBXFileReference; lastKnownFileType = file.storyboard; name = Base; path = Base.lproj/Main.storyboard; sourceTree = "<group>"; };
		F6DEFB8E2408C3ED0075162F /* Assets.xcassets */ = {isa = PBXFileReference; lastKnownFileType = folder.assetcatalog; path = Assets.xcassets; sourceTree = "<group>"; };
		F6DEFB912408C3ED0075162F /* Base */ = {isa = PBXFileReference; lastKnownFileType = file.storyboard; name = Base; path = Base.lproj/LaunchScreen.storyboard; sourceTree = "<group>"; };
		F6DEFB932408C3ED0075162F /* Info.plist */ = {isa = PBXFileReference; lastKnownFileType = text.plist.xml; path = Info.plist; sourceTree = "<group>"; };
		F6DEFB982408C3ED0075162F /* ParstagramTests.xctest */ = {isa = PBXFileReference; explicitFileType = wrapper.cfbundle; includeInIndex = 0; path = ParstagramTests.xctest; sourceTree = BUILT_PRODUCTS_DIR; };
		F6DEFB9C2408C3ED0075162F /* ParstagramTests.swift */ = {isa = PBXFileReference; lastKnownFileType = sourcecode.swift; path = ParstagramTests.swift; sourceTree = "<group>"; };
		F6DEFB9E2408C3ED0075162F /* Info.plist */ = {isa = PBXFileReference; lastKnownFileType = text.plist.xml; path = Info.plist; sourceTree = "<group>"; };
		F6DEFBA32408C3ED0075162F /* ParstagramUITests.xctest */ = {isa = PBXFileReference; explicitFileType = wrapper.cfbundle; includeInIndex = 0; path = ParstagramUITests.xctest; sourceTree = BUILT_PRODUCTS_DIR; };
		F6DEFBA72408C3ED0075162F /* ParstagramUITests.swift */ = {isa = PBXFileReference; lastKnownFileType = sourcecode.swift; path = ParstagramUITests.swift; sourceTree = "<group>"; };
		F6DEFBA92408C3ED0075162F /* Info.plist */ = {isa = PBXFileReference; lastKnownFileType = text.plist.xml; path = Info.plist; sourceTree = "<group>"; };
/* End PBXFileReference section */

/* Begin PBXFrameworksBuildPhase section */
		F6DEFB812408C3EB0075162F /* Frameworks */ = {
			isa = PBXFrameworksBuildPhase;
			buildActionMask = 2147483647;
			files = (
			);
			runOnlyForDeploymentPostprocessing = 0;
		};
		F6DEFB952408C3ED0075162F /* Frameworks */ = {
			isa = PBXFrameworksBuildPhase;
			buildActionMask = 2147483647;
			files = (
			);
			runOnlyForDeploymentPostprocessing = 0;
		};
		F6DEFBA02408C3ED0075162F /* Frameworks */ = {
			isa = PBXFrameworksBuildPhase;
			buildActionMask = 2147483647;
			files = (
			);
			runOnlyForDeploymentPostprocessing = 0;
		};
/* End PBXFrameworksBuildPhase section */

/* Begin PBXGroup section */
		F6DEFB7B2408C3EB0075162F = {
			isa = PBXGroup;
			children = (
				F6DEFB862408C3EB0075162F /* Parstagram */,
				F6DEFB9B2408C3ED0075162F /* ParstagramTests */,
				F6DEFBA62408C3ED0075162F /* ParstagramUITests */,
				F6DEFB852408C3EB0075162F /* Products */,
			);
			sourceTree = "<group>";
		};
		F6DEFB852408C3EB0075162F /* Products */ = {
			isa = PBXGroup;
			children = (
				F6DEFB842408C3EB0075162F /* Parstagram.app */,
				F6DEFB982408C3ED0075162F /* ParstagramTests.xctest */,
				F6DEFBA32408C3ED0075162F /* ParstagramUITests.xctest */,
			);
			name = Products;
			sourceTree = "<group>";
		};
		F6DEFB862408C3EB0075162F /* Parstagram */ = {
			isa = PBXGroup;
			children = (
				F6DEFB872408C3EB0075162F /* AppDelegate.swift */,
				F6DEFB892408C3EB0075162F /* ViewController.swift */,
				F6DEFB8B2408C3EB0075162F /* Main.storyboard */,
				F6DEFB8E2408C3ED0075162F /* Assets.xcassets */,
				F6DEFB902408C3ED0075162F /* LaunchScreen.storyboard */,
				F6DEFB932408C3ED0075162F /* Info.plist */,
			);
			path = Parstagram;
			sourceTree = "<group>";
		};
		F6DEFB9B2408C3ED0075162F /* ParstagramTests */ = {
			isa = PBXGroup;
			children = (
				F6DEFB9C2408C3ED0075162F /* ParstagramTests.swift */,
				F6DEFB9E2408C3ED0075162F /* Info.plist */,
			);
			path = ParstagramTests;
			sourceTree = "<group>";
		};
		F6DEFBA62408C3ED0075162F /* ParstagramUITests */ = {
			isa = PBXGroup;
			children = (
				F6DEFBA72408C3ED0075162F /* ParstagramUITests.swift */,
				F6DEFBA92408C3ED0075162F /* Info.plist */,
			);
			path = ParstagramUITests;
			sourceTree = "<group>";
		};
/* End PBXGroup section */

/* Begin PBXNativeTarget section */
		F6DEFB832408C3EB0075162F /* Parstagram */ = {
			isa = PBXNativeTarget;
			buildConfigurationList = F6DEFBAC2408C3ED0075162F /* Build configuration list for PBXNativeTarget "Parstagram" */;
			buildPhases = (
				F6DEFB802408C3EB0075162F /* Sources */,
				F6DEFB812408C3EB0075162F /* Frameworks */,
				F6DEFB822408C3EB0075162F /* Resources */,
			);
			buildRules = (
			);
			dependencies = (
			);
			name = Parstagram;
			productName = Parstagram;
			productReference = F6DEFB842408C3EB0075162F /* Parstagram.app */;
			productType = "com.apple.product-type.application";
		};
		F6DEFB972408C3ED0075162F /* ParstagramTests */ = {
			isa = PBXNativeTarget;
			buildConfigurationList = F6DEFBAF2408C3ED0075162F /* Build configuration list for PBXNativeTarget "ParstagramTests" */;
			buildPhases = (
				F6DEFB942408C3ED0075162F /* Sources */,
				F6DEFB952408C3ED0075162F /* Frameworks */,
				F6DEFB962408C3ED0075162F /* Resources */,
			);
			buildRules = (
			);
			dependencies = (
				F6DEFB9A2408C3ED0075162F /* PBXTargetDependency */,
			);
			name = ParstagramTests;
			productName = ParstagramTests;
			productReference = F6DEFB982408C3ED0075162F /* ParstagramTests.xctest */;
			productType = "com.apple.product-type.bundle.unit-test";
		};
		F6DEFBA22408C3ED0075162F /* ParstagramUITests */ = {
			isa = PBXNativeTarget;
			buildConfigurationList = F6DEFBB22408C3ED0075162F /* Build configuration list for PBXNativeTarget "ParstagramUITests" */;
			buildPhases = (
				F6DEFB9F2408C3ED0075162F /* Sources */,
				F6DEFBA02408C3ED0075162F /* Frameworks */,
				F6DEFBA12408C3ED0075162F /* Resources */,
			);
			buildRules = (
			);
			dependencies = (
				F6DEFBA52408C3ED0075162F /* PBXTargetDependency */,
			);
			name = ParstagramUITests;
			productName = ParstagramUITests;
			productReference = F6DEFBA32408C3ED0075162F /* ParstagramUITests.xctest */;
			productType = "com.apple.product-type.bundle.ui-testing";
		};
/* End PBXNativeTarget section */

/* Begin PBXProject section */
		F6DEFB7C2408C3EB0075162F /* Project object */ = {
			isa = PBXProject;
			attributes = {
				LastSwiftUpdateCheck = 1010;
				LastUpgradeCheck = 1010;
				ORGANIZATIONNAME = "MITCHELL CZAJA";
				TargetAttributes = {
					F6DEFB832408C3EB0075162F = {
						CreatedOnToolsVersion = 10.1;
					};
					F6DEFB972408C3ED0075162F = {
						CreatedOnToolsVersion = 10.1;
						TestTargetID = F6DEFB832408C3EB0075162F;
					};
					F6DEFBA22408C3ED0075162F = {
						CreatedOnToolsVersion = 10.1;
						TestTargetID = F6DEFB832408C3EB0075162F;
					};
				};
			};
			buildConfigurationList = F6DEFB7F2408C3EB0075162F /* Build configuration list for PBXProject "Parstagram" */;
			compatibilityVersion = "Xcode 9.3";
			developmentRegion = en;
			hasScannedForEncodings = 0;
			knownRegions = (
				en,
				Base,
			);
			mainGroup = F6DEFB7B2408C3EB0075162F;
			productRefGroup = F6DEFB852408C3EB0075162F /* Products */;
			projectDirPath = "";
			projectRoot = "";
			targets = (
				F6DEFB832408C3EB0075162F /* Parstagram */,
				F6DEFB972408C3ED0075162F /* ParstagramTests */,
				F6DEFBA22408C3ED0075162F /* ParstagramUITests */,
			);
		};
/* End PBXProject section */

/* Begin PBXResourcesBuildPhase section */
		F6DEFB822408C3EB0075162F /* Resources */ = {
			isa = PBXResourcesBuildPhase;
			buildActionMask = 2147483647;
			files = (
				F6DEFB922408C3ED0075162F /* LaunchScreen.storyboard in Resources */,
				F6DEFB8F2408C3ED0075162F /* Assets.xcassets in Resources */,
				F6DEFB8D2408C3EB0075162F /* Main.storyboard in Resources */,
			);
			runOnlyForDeploymentPostprocessing = 0;
		};
		F6DEFB962408C3ED0075162F /* Resources */ = {
			isa = PBXResourcesBuildPhase;
			buildActionMask = 2147483647;
			files = (
			);
			runOnlyForDeploymentPostprocessing = 0;
		};
		F6DEFBA12408C3ED0075162F /* Resources */ = {
			isa = PBXResourcesBuildPhase;
			buildActionMask = 2147483647;
			files = (
			);
			runOnlyForDeploymentPostprocessing = 0;
		};
/* End PBXResourcesBuildPhase section */

/* Begin PBXSourcesBuildPhase section */
		F6DEFB802408C3EB0075162F /* Sources */ = {
			isa = PBXSourcesBuildPhase;
			buildActionMask = 2147483647;
			files = (
				F6DEFB8A2408C3EB0075162F /* ViewController.swift in Sources */,
				F6DEFB882408C3EB0075162F /* AppDelegate.swift in Sources */,
			);
			runOnlyForDeploymentPostprocessing = 0;
		};
		F6DEFB942408C3ED0075162F /* Sources */ = {
			isa = PBXSourcesBuildPhase;
			buildActionMask = 2147483647;
			files = (
				F6DEFB9D2408C3ED0075162F /* ParstagramTests.swift in Sources */,
			);
			runOnlyForDeploymentPostprocessing = 0;
		};
		F6DEFB9F2408C3ED0075162F /* Sources */ = {
			isa = PBXSourcesBuildPhase;
			buildActionMask = 2147483647;
			files = (
				F6DEFBA82408C3ED0075162F /* ParstagramUITests.swift in Sources */,
			);
			runOnlyForDeploymentPostprocessing = 0;
		};
/* End PBXSourcesBuildPhase section */

/* Begin PBXTargetDependency section */
		F6DEFB9A2408C3ED0075162F /* PBXTargetDependency */ = {
			isa = PBXTargetDependency;
			target = F6DEFB832408C3EB0075162F /* Parstagram */;
			targetProxy = F6DEFB992408C3ED0075162F /* PBXContainerItemProxy */;
		};
		F6DEFBA52408C3ED0075162F /* PBXTargetDependency */ = {
			isa = PBXTargetDependency;
			target = F6DEFB832408C3EB0075162F /* Parstagram */;
			targetProxy = F6DEFBA42408C3ED0075162F /* PBXContainerItemProxy */;
		};
/* End PBXTargetDependency section */

/* Begin PBXVariantGroup section */
		F6DEFB8B2408C3EB0075162F /* Main.storyboard */ = {
			isa = PBXVariantGroup;
			children = (
				F6DEFB8C2408C3EB0075162F /* Base */,
			);
			name = Main.storyboard;
			sourceTree = "<group>";
		};
		F6DEFB902408C3ED0075162F /* LaunchScreen.storyboard */ = {
			isa = PBXVariantGroup;
			children = (
				F6DEFB912408C3ED0075162F /* Base */,
			);
			name = LaunchScreen.storyboard;
			sourceTree = "<group>";
		};
/* End PBXVariantGroup section */

/* Begin XCBuildConfiguration section */
		F6DEFBAA2408C3ED0075162F /* Debug */ = {
			isa = XCBuildConfiguration;
			buildSettings = {
				ALWAYS_SEARCH_USER_PATHS = NO;
				CLANG_ANALYZER_NONNULL = YES;
				CLANG_ANALYZER_NUMBER_OBJECT_CONVERSION = YES_AGGRESSIVE;
				CLANG_CXX_LANGUAGE_STANDARD = "gnu++14";
				CLANG_CXX_LIBRARY = "libc++";
				CLANG_ENABLE_MODULES = YES;
				CLANG_ENABLE_OBJC_ARC = YES;
				CLANG_ENABLE_OBJC_WEAK = YES;
				CLANG_WARN_BLOCK_CAPTURE_AUTORELEASING = YES;
				CLANG_WARN_BOOL_CONVERSION = YES;
				CLANG_WARN_COMMA = YES;
				CLANG_WARN_CONSTANT_CONVERSION = YES;
				CLANG_WARN_DEPRECATED_OBJC_IMPLEMENTATIONS = YES;
				CLANG_WARN_DIRECT_OBJC_ISA_USAGE = YES_ERROR;
				CLANG_WARN_DOCUMENTATION_COMMENTS = YES;
				CLANG_WARN_EMPTY_BODY = YES;
				CLANG_WARN_ENUM_CONVERSION = YES;
				CLANG_WARN_INFINITE_RECURSION = YES;
				CLANG_WARN_INT_CONVERSION = YES;
				CLANG_WARN_NON_LITERAL_NULL_CONVERSION = YES;
				CLANG_WARN_OBJC_IMPLICIT_RETAIN_SELF = YES;
				CLANG_WARN_OBJC_LITERAL_CONVERSION = YES;
				CLANG_WARN_OBJC_ROOT_CLASS = YES_ERROR;
				CLANG_WARN_RANGE_LOOP_ANALYSIS = YES;
				CLANG_WARN_STRICT_PROTOTYPES = YES;
				CLANG_WARN_SUSPICIOUS_MOVE = YES;
				CLANG_WARN_UNGUARDED_AVAILABILITY = YES_AGGRESSIVE;
				CLANG_WARN_UNREACHABLE_CODE = YES;
				CLANG_WARN__DUPLICATE_METHOD_MATCH = YES;
				CODE_SIGN_IDENTITY = "iPhone Developer";
				COPY_PHASE_STRIP = NO;
				DEBUG_INFORMATION_FORMAT = dwarf;
				ENABLE_STRICT_OBJC_MSGSEND = YES;
				ENABLE_TESTABILITY = YES;
				GCC_C_LANGUAGE_STANDARD = gnu11;
				GCC_DYNAMIC_NO_PIC = NO;
				GCC_NO_COMMON_BLOCKS = YES;
				GCC_OPTIMIZATION_LEVEL = 0;
				GCC_PREPROCESSOR_DEFINITIONS = (
					"DEBUG=1",
					"$(inherited)",
				);
				GCC_WARN_64_TO_32_BIT_CONVERSION = YES;
				GCC_WARN_ABOUT_RETURN_TYPE = YES_ERROR;
				GCC_WARN_UNDECLARED_SELECTOR = YES;
				GCC_WARN_UNINITIALIZED_AUTOS = YES_AGGRESSIVE;
				GCC_WARN_UNUSED_FUNCTION = YES;
				GCC_WARN_UNUSED_VARIABLE = YES;
				IPHONEOS_DEPLOYMENT_TARGET = 12.1;
				MTL_ENABLE_DEBUG_INFO = INCLUDE_SOURCE;
				MTL_FAST_MATH = YES;
				ONLY_ACTIVE_ARCH = YES;
				SDKROOT = iphoneos;
				SWIFT_ACTIVE_COMPILATION_CONDITIONS = DEBUG;
				SWIFT_OPTIMIZATION_LEVEL = "-Onone";
			};
			name = Debug;
		};
		F6DEFBAB2408C3ED0075162F /* Release */ = {
			isa = XCBuildConfiguration;
			buildSettings = {
				ALWAYS_SEARCH_USER_PATHS = NO;
				CLANG_ANALYZER_NONNULL = YES;
				CLANG_ANALYZER_NUMBER_OBJECT_CONVERSION = YES_AGGRESSIVE;
				CLANG_CXX_LANGUAGE_STANDARD = "gnu++14";
				CLANG_CXX_LIBRARY = "libc++";
				CLANG_ENABLE_MODULES = YES;
				CLANG_ENABLE_OBJC_ARC = YES;
				CLANG_ENABLE_OBJC_WEAK = YES;
				CLANG_WARN_BLOCK_CAPTURE_AUTORELEASING = YES;
				CLANG_WARN_BOOL_CONVERSION = YES;
				CLANG_WARN_COMMA = YES;
				CLANG_WARN_CONSTANT_CONVERSION = YES;
				CLANG_WARN_DEPRECATED_OBJC_IMPLEMENTATIONS = YES;
				CLANG_WARN_DIRECT_OBJC_ISA_USAGE = YES_ERROR;
				CLANG_WARN_DOCUMENTATION_COMMENTS = YES;
				CLANG_WARN_EMPTY_BODY = YES;
				CLANG_WARN_ENUM_CONVERSION = YES;
				CLANG_WARN_INFINITE_RECURSION = YES;
				CLANG_WARN_INT_CONVERSION = YES;
				CLANG_WARN_NON_LITERAL_NULL_CONVERSION = YES;
				CLANG_WARN_OBJC_IMPLICIT_RETAIN_SELF = YES;
				CLANG_WARN_OBJC_LITERAL_CONVERSION = YES;
				CLANG_WARN_OBJC_ROOT_CLASS = YES_ERROR;
				CLANG_WARN_RANGE_LOOP_ANALYSIS = YES;
				CLANG_WARN_STRICT_PROTOTYPES = YES;
				CLANG_WARN_SUSPICIOUS_MOVE = YES;
				CLANG_WARN_UNGUARDED_AVAILABILITY = YES_AGGRESSIVE;
				CLANG_WARN_UNREACHABLE_CODE = YES;
				CLANG_WARN__DUPLICATE_METHOD_MATCH = YES;
				CODE_SIGN_IDENTITY = "iPhone Developer";
				COPY_PHASE_STRIP = NO;
				DEBUG_INFORMATION_FORMAT = "dwarf-with-dsym";
				ENABLE_NS_ASSERTIONS = NO;
				ENABLE_STRICT_OBJC_MSGSEND = YES;
				GCC_C_LANGUAGE_STANDARD = gnu11;
				GCC_NO_COMMON_BLOCKS = YES;
				GCC_WARN_64_TO_32_BIT_CONVERSION = YES;
				GCC_WARN_ABOUT_RETURN_TYPE = YES_ERROR;
				GCC_WARN_UNDECLARED_SELECTOR = YES;
				GCC_WARN_UNINITIALIZED_AUTOS = YES_AGGRESSIVE;
				GCC_WARN_UNUSED_FUNCTION = YES;
				GCC_WARN_UNUSED_VARIABLE = YES;
				IPHONEOS_DEPLOYMENT_TARGET = 12.1;
				MTL_ENABLE_DEBUG_INFO = NO;
				MTL_FAST_MATH = YES;
				SDKROOT = iphoneos;
				SWIFT_COMPILATION_MODE = wholemodule;
				SWIFT_OPTIMIZATION_LEVEL = "-O";
				VALIDATE_PRODUCT = YES;
			};
			name = Release;
		};
		F6DEFBAD2408C3ED0075162F /* Debug */ = {
			isa = XCBuildConfiguration;
			buildSettings = {
				ASSETCATALOG_COMPILER_APPICON_NAME = AppIcon;
				CODE_SIGN_STYLE = Automatic;
				INFOPLIST_FILE = Parstagram/Info.plist;
				LD_RUNPATH_SEARCH_PATHS = (
					"$(inherited)",
					"@executable_path/Frameworks",
				);
				PRODUCT_BUNDLE_IDENTIFIER = Czaja.Mitchell.Parstagram;
				PRODUCT_NAME = "$(TARGET_NAME)";
				SWIFT_VERSION = 4.2;
				TARGETED_DEVICE_FAMILY = "1,2";
			};
			name = Debug;
		};
		F6DEFBAE2408C3ED0075162F /* Release */ = {
			isa = XCBuildConfiguration;
			buildSettings = {
				ASSETCATALOG_COMPILER_APPICON_NAME = AppIcon;
				CODE_SIGN_STYLE = Automatic;
				INFOPLIST_FILE = Parstagram/Info.plist;
				LD_RUNPATH_SEARCH_PATHS = (
					"$(inherited)",
					"@executable_path/Frameworks",
				);
				PRODUCT_BUNDLE_IDENTIFIER = Czaja.Mitchell.Parstagram;
				PRODUCT_NAME = "$(TARGET_NAME)";
				SWIFT_VERSION = 4.2;
				TARGETED_DEVICE_FAMILY = "1,2";
			};
			name = Release;
		};
		F6DEFBB02408C3ED0075162F /* Debug */ = {
			isa = XCBuildConfiguration;
			buildSettings = {
				ALWAYS_EMBED_SWIFT_STANDARD_LIBRARIES = YES;
				BUNDLE_LOADER = "$(TEST_HOST)";
				CODE_SIGN_STYLE = Automatic;
				INFOPLIST_FILE = ParstagramTests/Info.plist;
				LD_RUNPATH_SEARCH_PATHS = (
					"$(inherited)",
					"@executable_path/Frameworks",
					"@loader_path/Frameworks",
				);
				PRODUCT_BUNDLE_IDENTIFIER = Czaja.Mitchell.ParstagramTests;
				PRODUCT_NAME = "$(TARGET_NAME)";
				SWIFT_VERSION = 4.2;
				TARGETED_DEVICE_FAMILY = "1,2";
				TEST_HOST = "$(BUILT_PRODUCTS_DIR)/Parstagram.app/Parstagram";
			};
			name = Debug;
		};
		F6DEFBB12408C3ED0075162F /* Release */ = {
			isa = XCBuildConfiguration;
			buildSettings = {
				ALWAYS_EMBED_SWIFT_STANDARD_LIBRARIES = YES;
				BUNDLE_LOADER = "$(TEST_HOST)";
				CODE_SIGN_STYLE = Automatic;
				INFOPLIST_FILE = ParstagramTests/Info.plist;
				LD_RUNPATH_SEARCH_PATHS = (
					"$(inherited)",
					"@executable_path/Frameworks",
					"@loader_path/Frameworks",
				);
				PRODUCT_BUNDLE_IDENTIFIER = Czaja.Mitchell.ParstagramTests;
				PRODUCT_NAME = "$(TARGET_NAME)";
				SWIFT_VERSION = 4.2;
				TARGETED_DEVICE_FAMILY = "1,2";
				TEST_HOST = "$(BUILT_PRODUCTS_DIR)/Parstagram.app/Parstagram";
			};
			name = Release;
		};
		F6DEFBB32408C3ED0075162F /* Debug */ = {
			isa = XCBuildConfiguration;
			buildSettings = {
				ALWAYS_EMBED_SWIFT_STANDARD_LIBRARIES = YES;
				CODE_SIGN_STYLE = Automatic;
				INFOPLIST_FILE = ParstagramUITests/Info.plist;
				LD_RUNPATH_SEARCH_PATHS = (
					"$(inherited)",
					"@executable_path/Frameworks",
					"@loader_path/Frameworks",
				);
				PRODUCT_BUNDLE_IDENTIFIER = Czaja.Mitchell.ParstagramUITests;
				PRODUCT_NAME = "$(TARGET_NAME)";
				SWIFT_VERSION = 4.2;
				TARGETED_DEVICE_FAMILY = "1,2";
				TEST_TARGET_NAME = Parstagram;
			};
			name = Debug;
		};
		F6DEFBB42408C3ED0075162F /* Release */ = {
			isa = XCBuildConfiguration;
			buildSettings = {
				ALWAYS_EMBED_SWIFT_STANDARD_LIBRARIES = YES;
				CODE_SIGN_STYLE = Automatic;
				INFOPLIST_FILE = ParstagramUITests/Info.plist;
				LD_RUNPATH_SEARCH_PATHS = (
					"$(inherited)",
					"@executable_path/Frameworks",
					"@loader_path/Frameworks",
				);
				PRODUCT_BUNDLE_IDENTIFIER = Czaja.Mitchell.ParstagramUITests;
				PRODUCT_NAME = "$(TARGET_NAME)";
				SWIFT_VERSION = 4.2;
				TARGETED_DEVICE_FAMILY = "1,2";
				TEST_TARGET_NAME = Parstagram;
			};
			name = Release;
		};
/* End XCBuildConfiguration section */

/* Begin XCConfigurationList section */
		F6DEFB7F2408C3EB0075162F /* Build configuration list for PBXProject "Parstagram" */ = {
			isa = XCConfigurationList;
			buildConfigurations = (
				F6DEFBAA2408C3ED0075162F /* Debug */,
				F6DEFBAB2408C3ED0075162F /* Release */,
			);
			defaultConfigurationIsVisible = 0;
			defaultConfigurationName = Release;
		};
		F6DEFBAC2408C3ED0075162F /* Build configuration list for PBXNativeTarget "Parstagram" */ = {
			isa = XCConfigurationList;
			buildConfigurations = (
				F6DEFBAD2408C3ED0075162F /* Debug */,
				F6DEFBAE2408C3ED0075162F /* Release */,
			);
			defaultConfigurationIsVisible = 0;
			defaultConfigurationName = Release;
		};
		F6DEFBAF2408C3ED0075162F /* Build configuration list for PBXNativeTarget "ParstagramTests" */ = {
			isa = XCConfigurationList;
			buildConfigurations = (
				F6DEFBB02408C3ED0075162F /* Debug */,
				F6DEFBB12408C3ED0075162F /* Release */,
			);
			defaultConfigurationIsVisible = 0;
			defaultConfigurationName = Release;
		};
		F6DEFBB22408C3ED0075162F /* Build configuration list for PBXNativeTarget "ParstagramUITests" */ = {
			isa = XCConfigurationList;
			buildConfigurations = (
				F6DEFBB32408C3ED0075162F /* Debug */,
				F6DEFBB42408C3ED0075162F /* Release */,
			);
			defaultConfigurationIsVisible = 0;
			defaultConfigurationName = Release;
		};
/* End XCConfigurationList section */
	};
	rootObject = F6DEFB7C2408C3EB0075162F /* Project object */;
}
